# This file is automatically @generated by Cargo.
# It is not intended for manual editing.
version = 4

[[package]]
name = "coil_calculator"
version = "0.1.0"
source = "git+https://github.com/gl1tchxd-git/Feldstaerke-Calc?tag=v1.0-alpha.1#3d1311c8d2a72d9778095201fa92bcfd13aa6e58"

[[package]]
name = "rust"
version = "0.1.0"
dependencies = [
 "coil_calculator",
]
